<?xml version="1.0" encoding="utf-8"?>
<Project ToolsVersion="4.0" xmlns="http://schemas.microsoft.com/developer/msbuild/2003">
  <ItemGroup>
    <ClCompile Include="dllmain.cpp">
      <Filter>Source Files</Filter>
    </ClCompile>
    <ClCompile Include="engine.cpp">
      <Filter>Source Files</Filter>
    </ClCompile>
  </ItemGroup>
  <ItemGroup>
    <ClInclude Include="obfuscation.h">
      <Filter>Header Files</Filter>
    </ClInclude>
    <ClInclude Include="engine.h">
      <Filter>Header Files</Filter>
    </ClInclude>
    <ClInclude Include="dllmain.h">
      <Filter>Header Files</Filter>
    </ClInclude>
    <ClInclude Include="spoof_call.hpp">
      <Filter>Header Files\Spoof</Filter>
    </ClInclude>
    <ClInclude Include="sdk.h">
      <Filter>Header Files\SDK</Filter>
    </ClInclude>
    <ClInclude Include="ida.h">
      <Filter>Header Files</Filter>
    </ClInclude>
  </ItemGroup>
  <ItemGroup>
    <Filter Include="Header Files">
      <UniqueIdentifier>{1acf6638-798f-4c2d-b7f3-400195b82c7d}</UniqueIdentifier>
    </Filter>
    <Filter Include="Source Files">
      <UniqueIdentifier>{bd5226b3-e54d-4337-a3d2-0cef3f8bee54}</UniqueIdentifier>
    </Filter>
    <Filter Include="Header Files\Spoof">
      <UniqueIdentifier>{67c31add-e291-44ce-add0-5c7f73769538}</UniqueIdentifier>
    </Filter>
    <Filter Include="Header Files\SDK">
      <UniqueIdentifier>{9db47741-f31a-406f-a44f-7c78f4ea9108}</UniqueIdentifier>
    </Filter>
  </ItemGroup>
  <ItemGroup>
    <MASM Include="spoof.asm">
      <Filter>Header Files\Spoof</Filter>
    </MASM>
  </ItemGroup>
</Project>